
Microsoft Visual Studio Solution File, Format Version 12.00
# Visual Studio Version 16
VisualStudioVersion = 16.0.31112.23
MinimumVisualStudioVersion = 10.0.40219.1
Project("{FAE04EC0-301F-11D3-BF4B-00C04F79EFBC}") = "WebApi", "WebApi\WebApi.csproj", "{253DB49A-9548-4FC9-BA8C-222234DFDFE2}"
EndProject
Global
	GlobalSection(SolutionConfigurationPlatforms) = preSolution
		Debug|Any CPU = Debug|Any CPU
		Release|Any CPU = Release|Any CPU
	EndGlobalSection
	GlobalSection(ProjectConfigurationPlatforms) = postSolution
		{253DB49A-9548-4FC9-BA8C-222234DFDFE2}.Debug|Any CPU.ActiveCfg = Debug|Any CPU
		{253DB49A-9548-4FC9-BA8C-222234DFDFE2}.Debug|Any CPU.Build.0 = Debug|Any CPU
		{253DB49A-9548-4FC9-BA8C-222234DFDFE2}.Release|Any CPU.ActiveCfg = Release|Any CPU
		{253DB49A-9548-4FC9-BA8C-222234DFDFE2}.Release|Any CPU.Build.0 = Release|Any CPU
	EndGlobalSection
	GlobalSection(SolutionProperties) = preSolution
		HideSolutionNode = FALSE
	EndGlobalSection
	GlobalSection(ExtensibilityGlobals) = postSolution
		SolutionGuid = {FBB03512-8B65-4A37-AA31-E967DC303C53}
	EndGlobalSection
EndGlobal
